
Microsoft Visual Studio Solution File, Format Version 12.00
# Visual Studio Version 17
VisualStudioVersion = 17.13.35828.75
MinimumVisualStudioVersion = 10.0.40219.1
Project("{FAE04EC0-301F-11D3-BF4B-00C04F79EFBC}") = "Cloudcord", "Cloudcord.csproj", "{2E3F0EC3-245E-44C4-A0DD-208AAECB47BA}"
EndProject
Global
	GlobalSection(SolutionConfigurationPlatforms) = preSolution
		Debug|Any CPU = Debug|Any CPU
		Release|Any CPU = Release|Any CPU
	EndGlobalSection
	GlobalSection(ProjectConfigurationPlatforms) = postSolution
		{2E3F0EC3-245E-44C4-A0DD-208AAECB47BA}.Debug|Any CPU.ActiveCfg = Debug|Any CPU
		{2E3F0EC3-245E-44C4-A0DD-208AAECB47BA}.Debug|Any CPU.Build.0 = Debug|Any CPU
		{2E3F0EC3-245E-44C4-A0DD-208AAECB47BA}.Release|Any CPU.ActiveCfg = Release|Any CPU
		{2E3F0EC3-245E-44C4-A0DD-208AAECB47BA}.Release|Any CPU.Build.0 = Release|Any CPU
	EndGlobalSection
	GlobalSection(SolutionProperties) = preSolution
		HideSolutionNode = FALSE
	EndGlobalSection
	GlobalSection(ExtensibilityGlobals) = postSolution
		SolutionGuid = {82179B1A-5B48-4849-8648-DE5D8A7BE295}
	EndGlobalSection
EndGlobal
